// !$*UTF8*$!
{
	archiveVersion = 1;
	classes = {
	};
	objectVersion = 54;
	objects = {

/* Begin PBXBuildFile section */
		3710529227247B790077CE3D /* ServiceProvider.swift in Sources */ = {isa = PBXBuildFile; fileRef = 3710529127247B790077CE3D /* ServiceProvider.swift */; };
		37126CE2278244B2009BB010 /* PerseusService.swift in Sources */ = {isa = PBXBuildFile; fileRef = 37126CE1278244B2009BB010 /* PerseusService.swift */; };
		37126CF2278A0030009BB010 /* OrderedCollections in Frameworks */ = {isa = PBXBuildFile; productRef = 37126CF1278A0030009BB010 /* OrderedCollections */; };
		37126CF4278A035B009BB010 /* DictionaryController.swift in Sources */ = {isa = PBXBuildFile; fileRef = 37126CF3278A035B009BB010 /* DictionaryController.swift */; };
		372E2E0D27821A1D005C9C8A /* PartOfSpeech.swift in Sources */ = {isa = PBXBuildFile; fileRef = 372E2E0C27821A1D005C9C8A /* PartOfSpeech.swift */; };
		373AECBD272E22CB0021A393 /* Difference in Frameworks */ = {isa = PBXBuildFile; productRef = 373AECBC272E22CB0021A393 /* Difference */; };
		373AECBF272E22D90021A393 /* Utils.swift in Sources */ = {isa = PBXBuildFile; fileRef = 373AECBE272E22D90021A393 /* Utils.swift */; };
		373AECC3272EB26F0021A393 /* PreviewAssets.xcassets in Resources */ = {isa = PBXBuildFile; fileRef = 373AECC0272EB0160021A393 /* PreviewAssets.xcassets */; };
		373AECC8272EF26D0021A393 /* PreviewAssets.xcassets in Resources */ = {isa = PBXBuildFile; fileRef = 373AECC0272EB0160021A393 /* PreviewAssets.xcassets */; };
		3766E410277A3CC700A9D064 /* DWUtils in Frameworks */ = {isa = PBXBuildFile; productRef = 3766E40F277A3CC700A9D064 /* DWUtils */; };
		37679DFC262C779E003D15E1 /* HistoryController.swift in Sources */ = {isa = PBXBuildFile; fileRef = 37679DFB262C779E003D15E1 /* HistoryController.swift */; };
		37679DFE262C860B003D15E1 /* BackForwardController.swift in Sources */ = {isa = PBXBuildFile; fileRef = 37679DFD262C860B003D15E1 /* BackForwardController.swift */; };
		37679E00262CC87C003D15E1 /* WindowRestoration.swift in Sources */ = {isa = PBXBuildFile; fileRef = 37679DFF262CC87C003D15E1 /* WindowRestoration.swift */; };
		37852ACE278A4B0200ACFFE6 /* FontSizeSegmentedControl.swift in Sources */ = {isa = PBXBuildFile; fileRef = 37852ACD278A4B0200ACFFE6 /* FontSizeSegmentedControl.swift */; };
		37852AD0278B3EC500ACFFE6 /* LoadingView.swift in Sources */ = {isa = PBXBuildFile; fileRef = 37852ACF278B3EC500ACFFE6 /* LoadingView.swift */; };
		37852AD2278B45ED00ACFFE6 /* Dictionary.swift in Sources */ = {isa = PBXBuildFile; fileRef = 37852AD1278B45ED00ACFFE6 /* Dictionary.swift */; };
		378E51FA2795C9FF00730204 /* Settings.storyboard in Resources */ = {isa = PBXBuildFile; fileRef = 378E51F92795C9FF00730204 /* Settings.storyboard */; };
		378E51FC2795D57600730204 /* SettingsViewController.swift in Sources */ = {isa = PBXBuildFile; fileRef = 378E51FB2795D57600730204 /* SettingsViewController.swift */; };
		37988D5527249A6D00FFBB97 /* LookUpIntentHandler.swift in Sources */ = {isa = PBXBuildFile; fileRef = 37988D5427249A6D00FFBB97 /* LookUpIntentHandler.swift */; };
		37A4D1D4262227E400A9E9EC /* Assets.xcassets in Resources */ = {isa = PBXBuildFile; fileRef = 37A4D1A8262227E400A9E9EC /* Assets.xcassets */; };
		37A4D24726223BFB00A9E9EC /* Main.storyboard in Resources */ = {isa = PBXBuildFile; fileRef = 37A4D24626223BC100A9E9EC /* Main.storyboard */; };
		37A4D24D26223D7A00A9E9EC /* LookupViewController.swift in Sources */ = {isa = PBXBuildFile; fileRef = 37A4D24B26223C6D00A9E9EC /* LookupViewController.swift */; };
		37A4D2532622401D00A9E9EC /* AppDelegate.swift in Sources */ = {isa = PBXBuildFile; fileRef = 37A4D2512622401900A9E9EC /* AppDelegate.swift */; };
		37A4D2592622412000A9E9EC /* LookupWindowController.swift in Sources */ = {isa = PBXBuildFile; fileRef = 37A4D256262240D000A9E9EC /* LookupWindowController.swift */; };
		37AA04D8263435C100353747 /* README.md in Resources */ = {isa = PBXBuildFile; fileRef = 37AA04D7263435C100353747 /* README.md */; };
		37AA04DA2634485200353747 /* DefinitionParser.swift in Sources */ = {isa = PBXBuildFile; fileRef = 37AA04D92634485200353747 /* DefinitionParser.swift */; };
		37AB5A142626713500118674 /* ADDONS.LAT in Resources */ = {isa = PBXBuildFile; fileRef = 37AB5A062626713400118674 /* ADDONS.LAT */; };
		37AB5A152626713500118674 /* STEMFILE.GEN in Resources */ = {isa = PBXBuildFile; fileRef = 37AB5A072626713400118674 /* STEMFILE.GEN */; };
		37AB5A172626713500118674 /* INFLECTS.LAT in Resources */ = {isa = PBXBuildFile; fileRef = 37AB5A092626713400118674 /* INFLECTS.LAT */; };
		37AB5A182626713500118674 /* UNIQUES.LAT in Resources */ = {isa = PBXBuildFile; fileRef = 37AB5A0A2626713500118674 /* UNIQUES.LAT */; };
		37AB5A192626713500118674 /* INDXFILE.GEN in Resources */ = {isa = PBXBuildFile; fileRef = 37AB5A0B2626713500118674 /* INDXFILE.GEN */; };
		37AB5A1A2626713500118674 /* EWDSLIST.GEN in Resources */ = {isa = PBXBuildFile; fileRef = 37AB5A0C2626713500118674 /* EWDSLIST.GEN */; };
		37AB5A1B2626713500118674 /* DICTLINE.GEN in Resources */ = {isa = PBXBuildFile; fileRef = 37AB5A0D2626713500118674 /* DICTLINE.GEN */; };
		37AB5A1C2626713500118674 /* INFLECTS.SEC in Resources */ = {isa = PBXBuildFile; fileRef = 37AB5A0E2626713500118674 /* INFLECTS.SEC */; };
		37AB5A1D2626713500118674 /* EWDSFILE.GEN in Resources */ = {isa = PBXBuildFile; fileRef = 37AB5A0F2626713500118674 /* EWDSFILE.GEN */; };
		37AB5A1E2626713500118674 /* CHECKEWD. in Resources */ = {isa = PBXBuildFile; fileRef = 37AB5A102626713500118674 /* CHECKEWD. */; };
		37AB5A1F2626713500118674 /* DICTFILE.GEN in Resources */ = {isa = PBXBuildFile; fileRef = 37AB5A112626713500118674 /* DICTFILE.GEN */; };
		37AB5A202626713500118674 /* STEMLIST.GEN in Resources */ = {isa = PBXBuildFile; fileRef = 37AB5A122626713500118674 /* STEMLIST.GEN */; };
		37AB5A22262671D200118674 /* words in Resources */ = {isa = PBXBuildFile; fileRef = 37AB5A21262671D200118674 /* words */; };
		37AB5A242626733300118674 /* Credits.rtf in Resources */ = {isa = PBXBuildFile; fileRef = 37AB5A232626733300118674 /* Credits.rtf */; };
		37AF82B72630EAC000931F2C /* Sparkle.framework in Frameworks */ = {isa = PBXBuildFile; fileRef = 37AF82B62630EAC000931F2C /* Sparkle.framework */; };
		37AF82B82630EAC200931F2C /* Sparkle.framework in Frameworks */ = {isa = PBXBuildFile; fileRef = 37AF82B62630EAC000931F2C /* Sparkle.framework */; };
		37AF82B92630EAC200931F2C /* Sparkle.framework in Embed Frameworks */ = {isa = PBXBuildFile; fileRef = 37AF82B62630EAC000931F2C /* Sparkle.framework */; settings = {ATTRIBUTES = (CodeSignOnCopy, RemoveHeadersOnCopy, ); }; };
		37B089FB272F237400932567 /* Intents.intentdefinition in Sources */ = {isa = PBXBuildFile; fileRef = 37B089FD272F237400932567 /* Intents.intentdefinition */; };
		37BE70C2279341D600A041D2 /* SearchBarViewController.swift in Sources */ = {isa = PBXBuildFile; fileRef = 37BE70C1279341D600A041D2 /* SearchBarViewController.swift */; };
		37BF1C01262B7908003C4A97 /* WORD.MDV in Resources */ = {isa = PBXBuildFile; fileRef = 37BF1C00262B7908003C4A97 /* WORD.MDV */; };
		37BF1C0C262B8366003C4A97 /* iWords.help in Resources */ = {isa = PBXBuildFile; fileRef = 37BF1C0B262B8366003C4A97 /* iWords.help */; };
		37CC4363263476DD00E60CE9 /* DefinitionTests.swift in Sources */ = {isa = PBXBuildFile; fileRef = 37CC4362263476DD00E60CE9 /* DefinitionTests.swift */; };
		37CC43662634AB8100E60CE9 /* Parsing in Frameworks */ = {isa = PBXBuildFile; productRef = 37CC43652634AB8100E60CE9 /* Parsing */; };
		37CC436A2634D81900E60CE9 /* DefinitionView.swift in Sources */ = {isa = PBXBuildFile; fileRef = 37CC43692634D81900E60CE9 /* DefinitionView.swift */; };
		37CC436C2635CA3B00E60CE9 /* VisualEffectBackground.swift in Sources */ = {isa = PBXBuildFile; fileRef = 37CC436B2635CA3B00E60CE9 /* VisualEffectBackground.swift */; };
		37EDB2EA27945A4400911BC6 /* AutosizingTextField.swift in Sources */ = {isa = PBXBuildFile; fileRef = 37EDB2E927945A4400911BC6 /* AutosizingTextField.swift */; };
/* End PBXBuildFile section */

/* Begin PBXContainerItemProxy section */
		37CC435D263476D200E60CE9 /* PBXContainerItemProxy */ = {
			isa = PBXContainerItemProxy;
			containerPortal = 37A4D1A1262227E300A9E9EC /* Project object */;
			proxyType = 1;
			remoteGlobalIDString = 37A4D1B4262227E400A9E9EC;
			remoteInfo = "iWords (macOS)";
		};
/* End PBXContainerItemProxy section */

/* Begin PBXCopyFilesBuildPhase section */
		37AF82BA2630EAC200931F2C /* Embed Frameworks */ = {
			isa = PBXCopyFilesBuildPhase;
			buildActionMask = 2147483647;
			dstPath = "";
			dstSubfolderSpec = 10;
			files = (
				37AF82B92630EAC200931F2C /* Sparkle.framework in Embed Frameworks */,
			);
			name = "Embed Frameworks";
			runOnlyForDeploymentPostprocessing = 0;
		};
/* End PBXCopyFilesBuildPhase section */

/* Begin PBXFileReference section */
		3710529127247B790077CE3D /* ServiceProvider.swift */ = {isa = PBXFileReference; lastKnownFileType = sourcecode.swift; path = ServiceProvider.swift; sourceTree = "<group>"; };
		37126CE1278244B2009BB010 /* PerseusService.swift */ = {isa = PBXFileReference; lastKnownFileType = sourcecode.swift; path = PerseusService.swift; sourceTree = "<group>"; };
		37126CF3278A035B009BB010 /* DictionaryController.swift */ = {isa = PBXFileReference; lastKnownFileType = sourcecode.swift; path = DictionaryController.swift; sourceTree = "<group>"; };
		371BE240262B3D3100FC1FED /* WordsEntitlements.plist */ = {isa = PBXFileReference; lastKnownFileType = text.plist.xml; path = WordsEntitlements.plist; sourceTree = "<group>"; };
		372E2E0C27821A1D005C9C8A /* PartOfSpeech.swift */ = {isa = PBXFileReference; lastKnownFileType = sourcecode.swift; path = PartOfSpeech.swift; sourceTree = "<group>"; };
		373AECBA272A28660021A393 /* words (macOS)Debug.entitlements */ = {isa = PBXFileReference; lastKnownFileType = text.plist.entitlements; path = "words (macOS)Debug.entitlements"; sourceTree = "<group>"; };
		373AECBE272E22D90021A393 /* Utils.swift */ = {isa = PBXFileReference; lastKnownFileType = sourcecode.swift; path = Utils.swift; sourceTree = "<group>"; };
		373AECC0272EB0160021A393 /* PreviewAssets.xcassets */ = {isa = PBXFileReference; lastKnownFileType = folder.assetcatalog; path = PreviewAssets.xcassets; sourceTree = "<group>"; };
		3766E408277A36F700A9D064 /* DWUtils */ = {isa = PBXFileReference; lastKnownFileType = folder; name = DWUtils; path = ../../DWUtils; sourceTree = "<group>"; };
		37679DFB262C779E003D15E1 /* HistoryController.swift */ = {isa = PBXFileReference; lastKnownFileType = sourcecode.swift; path = HistoryController.swift; sourceTree = "<group>"; };
		37679DFD262C860B003D15E1 /* BackForwardController.swift */ = {isa = PBXFileReference; lastKnownFileType = sourcecode.swift; path = BackForwardController.swift; sourceTree = "<group>"; };
		37679DFF262CC87C003D15E1 /* WindowRestoration.swift */ = {isa = PBXFileReference; lastKnownFileType = sourcecode.swift; path = WindowRestoration.swift; sourceTree = "<group>"; };
		37852ACD278A4B0200ACFFE6 /* FontSizeSegmentedControl.swift */ = {isa = PBXFileReference; lastKnownFileType = sourcecode.swift; path = FontSizeSegmentedControl.swift; sourceTree = "<group>"; };
		37852ACF278B3EC500ACFFE6 /* LoadingView.swift */ = {isa = PBXFileReference; lastKnownFileType = sourcecode.swift; path = LoadingView.swift; sourceTree = "<group>"; };
		37852AD1278B45ED00ACFFE6 /* Dictionary.swift */ = {isa = PBXFileReference; lastKnownFileType = sourcecode.swift; path = Dictionary.swift; sourceTree = "<group>"; };
		378E51F92795C9FF00730204 /* Settings.storyboard */ = {isa = PBXFileReference; lastKnownFileType = file.storyboard; path = Settings.storyboard; sourceTree = "<group>"; };
		378E51FB2795D57600730204 /* SettingsViewController.swift */ = {isa = PBXFileReference; lastKnownFileType = sourcecode.swift; path = SettingsViewController.swift; sourceTree = "<group>"; };
		37988D5427249A6D00FFBB97 /* LookUpIntentHandler.swift */ = {isa = PBXFileReference; lastKnownFileType = sourcecode.swift; path = LookUpIntentHandler.swift; sourceTree = "<group>"; };
		37A4D1A8262227E400A9E9EC /* Assets.xcassets */ = {isa = PBXFileReference; lastKnownFileType = folder.assetcatalog; path = Assets.xcassets; sourceTree = "<group>"; };
		37A4D1AD262227E400A9E9EC /* iWords.app */ = {isa = PBXFileReference; explicitFileType = wrapper.application; includeInIndex = 0; path = iWords.app; sourceTree = BUILT_PRODUCTS_DIR; };
		37A4D1B5262227E400A9E9EC /* iWords.app */ = {isa = PBXFileReference; explicitFileType = wrapper.application; includeInIndex = 0; path = iWords.app; sourceTree = BUILT_PRODUCTS_DIR; };
		37A4D1B7262227E400A9E9EC /* Info.plist */ = {isa = PBXFileReference; lastKnownFileType = text.plist.xml; path = Info.plist; sourceTree = "<group>"; };
		37A4D1B8262227E400A9E9EC /* macOS.entitlements */ = {isa = PBXFileReference; lastKnownFileType = text.plist.entitlements; path = macOS.entitlements; sourceTree = "<group>"; };
		37A4D24626223BC100A9E9EC /* Main.storyboard */ = {isa = PBXFileReference; lastKnownFileType = file.storyboard; path = Main.storyboard; sourceTree = "<group>"; };
		37A4D24B26223C6D00A9E9EC /* LookupViewController.swift */ = {isa = PBXFileReference; lastKnownFileType = sourcecode.swift; path = LookupViewController.swift; sourceTree = "<group>"; };
		37A4D2512622401900A9E9EC /* AppDelegate.swift */ = {isa = PBXFileReference; lastKnownFileType = sourcecode.swift; path = AppDelegate.swift; sourceTree = "<group>"; };
		37A4D256262240D000A9E9EC /* LookupWindowController.swift */ = {isa = PBXFileReference; lastKnownFileType = sourcecode.swift; path = LookupWindowController.swift; sourceTree = "<group>"; };
		37AA04D7263435C100353747 /* README.md */ = {isa = PBXFileReference; fileEncoding = 4; lastKnownFileType = net.daringfireball.markdown; path = README.md; sourceTree = "<group>"; };
		37AA04D92634485200353747 /* DefinitionParser.swift */ = {isa = PBXFileReference; lastKnownFileType = sourcecode.swift; path = DefinitionParser.swift; sourceTree = "<group>"; };
		37AB5A062626713400118674 /* ADDONS.LAT */ = {isa = PBXFileReference; fileEncoding = 4; lastKnownFileType = text; path = ADDONS.LAT; sourceTree = "<group>"; };
		37AB5A072626713400118674 /* STEMFILE.GEN */ = {isa = PBXFileReference; lastKnownFileType = file; path = STEMFILE.GEN; sourceTree = "<group>"; };
		37AB5A092626713400118674 /* INFLECTS.LAT */ = {isa = PBXFileReference; fileEncoding = 4; lastKnownFileType = text; path = INFLECTS.LAT; sourceTree = "<group>"; };
		37AB5A0A2626713500118674 /* UNIQUES.LAT */ = {isa = PBXFileReference; fileEncoding = 4; lastKnownFileType = text; path = UNIQUES.LAT; sourceTree = "<group>"; };
		37AB5A0B2626713500118674 /* INDXFILE.GEN */ = {isa = PBXFileReference; fileEncoding = 4; lastKnownFileType = text; path = INDXFILE.GEN; sourceTree = "<group>"; };
		37AB5A0C2626713500118674 /* EWDSLIST.GEN */ = {isa = PBXFileReference; fileEncoding = 4; lastKnownFileType = text; path = EWDSLIST.GEN; sourceTree = "<group>"; };
		37AB5A0D2626713500118674 /* DICTLINE.GEN */ = {isa = PBXFileReference; fileEncoding = 4; lastKnownFileType = text; path = DICTLINE.GEN; sourceTree = "<group>"; };
		37AB5A0E2626713500118674 /* INFLECTS.SEC */ = {isa = PBXFileReference; lastKnownFileType = file; path = INFLECTS.SEC; sourceTree = "<group>"; };
		37AB5A0F2626713500118674 /* EWDSFILE.GEN */ = {isa = PBXFileReference; lastKnownFileType = file; path = EWDSFILE.GEN; sourceTree = "<group>"; };
		37AB5A102626713500118674 /* CHECKEWD. */ = {isa = PBXFileReference; fileEncoding = 4; lastKnownFileType = text; path = CHECKEWD.; sourceTree = "<group>"; };
		37AB5A112626713500118674 /* DICTFILE.GEN */ = {isa = PBXFileReference; lastKnownFileType = file; path = DICTFILE.GEN; sourceTree = "<group>"; };
		37AB5A122626713500118674 /* STEMLIST.GEN */ = {isa = PBXFileReference; fileEncoding = 4; lastKnownFileType = text; path = STEMLIST.GEN; sourceTree = "<group>"; };
		37AB5A21262671D200118674 /* words */ = {isa = PBXFileReference; lastKnownFileType = "compiled.mach-o.executable"; path = words; sourceTree = "<group>"; };
		37AB5A232626733300118674 /* Credits.rtf */ = {isa = PBXFileReference; fileEncoding = 4; lastKnownFileType = text.rtf; path = Credits.rtf; sourceTree = "<group>"; };
		37AF82B62630EAC000931F2C /* Sparkle.framework */ = {isa = PBXFileReference; lastKnownFileType = wrapper.framework; path = Sparkle.framework; sourceTree = "<group>"; };
		37B089FC272F237400932567 /* Base */ = {isa = PBXFileReference; lastKnownFileType = file.intentdefinition; name = Base; path = Base.lproj/Intents.intentdefinition; sourceTree = "<group>"; };
		37BE70C1279341D600A041D2 /* SearchBarViewController.swift */ = {isa = PBXFileReference; lastKnownFileType = sourcecode.swift; path = SearchBarViewController.swift; sourceTree = "<group>"; };
		37BF1C00262B7908003C4A97 /* WORD.MDV */ = {isa = PBXFileReference; fileEncoding = 4; lastKnownFileType = text; path = WORD.MDV; sourceTree = "<group>"; };
		37BF1C0B262B8366003C4A97 /* iWords.help */ = {isa = PBXFileReference; lastKnownFileType = folder; path = iWords.help; sourceTree = "<group>"; };
		37CC4358263476D200E60CE9 /* iWordsTests.xctest */ = {isa = PBXFileReference; explicitFileType = wrapper.cfbundle; includeInIndex = 0; path = iWordsTests.xctest; sourceTree = BUILT_PRODUCTS_DIR; };
		37CC435C263476D200E60CE9 /* Info.plist */ = {isa = PBXFileReference; lastKnownFileType = text.plist.xml; path = Info.plist; sourceTree = "<group>"; };
		37CC4362263476DD00E60CE9 /* DefinitionTests.swift */ = {isa = PBXFileReference; lastKnownFileType = sourcecode.swift; path = DefinitionTests.swift; sourceTree = "<group>"; };
		37CC43692634D81900E60CE9 /* DefinitionView.swift */ = {isa = PBXFileReference; lastKnownFileType = sourcecode.swift; path = DefinitionView.swift; sourceTree = "<group>"; };
		37CC436B2635CA3B00E60CE9 /* VisualEffectBackground.swift */ = {isa = PBXFileReference; lastKnownFileType = sourcecode.swift; path = VisualEffectBackground.swift; sourceTree = "<group>"; };
		37EDB2E927945A4400911BC6 /* AutosizingTextField.swift */ = {isa = PBXFileReference; lastKnownFileType = sourcecode.swift; path = AutosizingTextField.swift; sourceTree = "<group>"; };
/* End PBXFileReference section */

/* Begin PBXFrameworksBuildPhase section */
		37A4D1AA262227E400A9E9EC /* Frameworks */ = {
			isa = PBXFrameworksBuildPhase;
			buildActionMask = 2147483647;
			files = (
			);
			runOnlyForDeploymentPostprocessing = 0;
		};
		37A4D1B2262227E400A9E9EC /* Frameworks */ = {
			isa = PBXFrameworksBuildPhase;
			buildActionMask = 2147483647;
			files = (
				3766E410277A3CC700A9D064 /* DWUtils in Frameworks */,
				37AF82B72630EAC000931F2C /* Sparkle.framework in Frameworks */,
				37126CF2278A0030009BB010 /* OrderedCollections in Frameworks */,
				37AF82B82630EAC200931F2C /* Sparkle.framework in Frameworks */,
				37CC43662634AB8100E60CE9 /* Parsing in Frameworks */,
				373AECBD272E22CB0021A393 /* Difference in Frameworks */,
			);
			runOnlyForDeploymentPostprocessing = 0;
		};
		37CC4355263476D200E60CE9 /* Frameworks */ = {
			isa = PBXFrameworksBuildPhase;
			buildActionMask = 2147483647;
			files = (
			);
			runOnlyForDeploymentPostprocessing = 0;
		};
/* End PBXFrameworksBuildPhase section */

/* Begin PBXGroup section */
		372E2E0A278219E2005C9C8A /* Parsing */ = {
			isa = PBXGroup;
			children = (
				37AA04D92634485200353747 /* DefinitionParser.swift */,
				372E2E0C27821A1D005C9C8A /* PartOfSpeech.swift */,
			);
			path = Parsing;
			sourceTree = "<group>";
		};
		3766E407277A36F700A9D064 /* Packages */ = {
			isa = PBXGroup;
			children = (
				3766E408277A36F700A9D064 /* DWUtils */,
			);
			name = Packages;
			sourceTree = "<group>";
		};
		37679DFA262C7761003D15E1 /* Supporting files */ = {
			isa = PBXGroup;
			children = (
				373AECBA272A28660021A393 /* words (macOS)Debug.entitlements */,
				37A4D1A8262227E400A9E9EC /* Assets.xcassets */,
				37BF1C0B262B8366003C4A97 /* iWords.help */,
				37A4D1B7262227E400A9E9EC /* Info.plist */,
				37A4D1B8262227E400A9E9EC /* macOS.entitlements */,
				37AB5A232626733300118674 /* Credits.rtf */,
				373AECC0272EB0160021A393 /* PreviewAssets.xcassets */,
			);
			path = "Supporting files";
			sourceTree = "<group>";
		};
		37988D4F2724949200FFBB97 /* Intents */ = {
			isa = PBXGroup;
			children = (
				37B089FD272F237400932567 /* Intents.intentdefinition */,
				37988D5427249A6D00FFBB97 /* LookUpIntentHandler.swift */,
			);
			path = Intents;
			sourceTree = "<group>";
		};
		37A4D1A0262227E300A9E9EC = {
			isa = PBXGroup;
			children = (
				3766E407277A36F700A9D064 /* Packages */,
				37AA04D7263435C100353747 /* README.md */,
				37A4D1A5262227E300A9E9EC /* Shared */,
				37A4D1B6262227E400A9E9EC /* macOS */,
				37CC4359263476D200E60CE9 /* iWordsTests */,
				37A4D1AE262227E400A9E9EC /* Products */,
				37C9FDFB2628DFAD00AE794D /* Frameworks */,
			);
			sourceTree = "<group>";
		};
		37A4D1A5262227E300A9E9EC /* Shared */ = {
			isa = PBXGroup;
			children = (
			);
			path = Shared;
			sourceTree = "<group>";
		};
		37A4D1AE262227E400A9E9EC /* Products */ = {
			isa = PBXGroup;
			children = (
				37A4D1AD262227E400A9E9EC /* iWords.app */,
				37A4D1B5262227E400A9E9EC /* iWords.app */,
				37CC4358263476D200E60CE9 /* iWordsTests.xctest */,
			);
			name = Products;
			sourceTree = "<group>";
		};
		37A4D1B6262227E400A9E9EC /* macOS */ = {
			isa = PBXGroup;
			children = (
				37852ACD278A4B0200ACFFE6 /* FontSizeSegmentedControl.swift */,
				372E2E0A278219E2005C9C8A /* Parsing */,
				37CC436B2635CA3B00E60CE9 /* VisualEffectBackground.swift */,
				37988D4F2724949200FFBB97 /* Intents */,
				37679DFA262C7761003D15E1 /* Supporting files */,
				37A4D24626223BC100A9E9EC /* Main.storyboard */,
				37A4D2512622401900A9E9EC /* AppDelegate.swift */,
				37A4D24B26223C6D00A9E9EC /* LookupViewController.swift */,
				37A4D256262240D000A9E9EC /* LookupWindowController.swift */,
				37A4D1FC26222A7000A9E9EC /* WORDS */,
				37679DFB262C779E003D15E1 /* HistoryController.swift */,
				37679DFD262C860B003D15E1 /* BackForwardController.swift */,
				37679DFF262CC87C003D15E1 /* WindowRestoration.swift */,
				37CC43692634D81900E60CE9 /* DefinitionView.swift */,
				3710529127247B790077CE3D /* ServiceProvider.swift */,
				37126CE1278244B2009BB010 /* PerseusService.swift */,
				37126CF3278A035B009BB010 /* DictionaryController.swift */,
				37852ACF278B3EC500ACFFE6 /* LoadingView.swift */,
				37852AD1278B45ED00ACFFE6 /* Dictionary.swift */,
				37BE70C1279341D600A041D2 /* SearchBarViewController.swift */,
				37EDB2E927945A4400911BC6 /* AutosizingTextField.swift */,
				378E51F92795C9FF00730204 /* Settings.storyboard */,
				378E51FB2795D57600730204 /* SettingsViewController.swift */,
			);
			path = macOS;
			sourceTree = "<group>";
		};
		37A4D1FC26222A7000A9E9EC /* WORDS */ = {
			isa = PBXGroup;
			children = (
				37AB5A21262671D200118674 /* words */,
				37BF1C00262B7908003C4A97 /* WORD.MDV */,
				37AB5A062626713400118674 /* ADDONS.LAT */,
				37AB5A102626713500118674 /* CHECKEWD. */,
				37AB5A112626713500118674 /* DICTFILE.GEN */,
				37AB5A0D2626713500118674 /* DICTLINE.GEN */,
				37AB5A0F2626713500118674 /* EWDSFILE.GEN */,
				37AB5A0C2626713500118674 /* EWDSLIST.GEN */,
				37AB5A0B2626713500118674 /* INDXFILE.GEN */,
				37AB5A092626713400118674 /* INFLECTS.LAT */,
				37AB5A0E2626713500118674 /* INFLECTS.SEC */,
				37AB5A072626713400118674 /* STEMFILE.GEN */,
				37AB5A122626713500118674 /* STEMLIST.GEN */,
				37AB5A0A2626713500118674 /* UNIQUES.LAT */,
				371BE240262B3D3100FC1FED /* WordsEntitlements.plist */,
			);
			path = WORDS;
			sourceTree = "<group>";
		};
		37C9FDFB2628DFAD00AE794D /* Frameworks */ = {
			isa = PBXGroup;
			children = (
				37AF82B62630EAC000931F2C /* Sparkle.framework */,
			);
			name = Frameworks;
			sourceTree = "<group>";
		};
		37CC4359263476D200E60CE9 /* iWordsTests */ = {
			isa = PBXGroup;
			children = (
				37CC435C263476D200E60CE9 /* Info.plist */,
				37CC4362263476DD00E60CE9 /* DefinitionTests.swift */,
				373AECBE272E22D90021A393 /* Utils.swift */,
			);
			path = iWordsTests;
			sourceTree = "<group>";
		};
/* End PBXGroup section */

/* Begin PBXNativeTarget section */
		37A4D1AC262227E400A9E9EC /* iWords (iOS) */ = {
			isa = PBXNativeTarget;
			buildConfigurationList = 37A4D1D7262227E400A9E9EC /* Build configuration list for PBXNativeTarget "iWords (iOS)" */;
			buildPhases = (
				37A4D1A9262227E400A9E9EC /* Sources */,
				37A4D1AA262227E400A9E9EC /* Frameworks */,
				37A4D1AB262227E400A9E9EC /* Resources */,
			);
			buildRules = (
			);
			dependencies = (
			);
			name = "iWords (iOS)";
			productName = "words (iOS)";
			productReference = 37A4D1AD262227E400A9E9EC /* iWords.app */;
			productType = "com.apple.product-type.application";
		};
		37A4D1B4262227E400A9E9EC /* iWords (macOS) */ = {
			isa = PBXNativeTarget;
			buildConfigurationList = 37A4D1DA262227E400A9E9EC /* Build configuration list for PBXNativeTarget "iWords (macOS)" */;
			buildPhases = (
				37A4D1B1262227E400A9E9EC /* Sources */,
				37A4D1B2262227E400A9E9EC /* Frameworks */,
				37A4D1B3262227E400A9E9EC /* Resources */,
				37C9FDFC2628DFDB00AE794D /* ShellScript */,
				37C9FDFA2628DDB900AE794D /* ShellScript */,
				37AF82BA2630EAC200931F2C /* Embed Frameworks */,
			);
			buildRules = (
			);
			dependencies = (
			);
			name = "iWords (macOS)";
			packageProductDependencies = (
				37CC43652634AB8100E60CE9 /* Parsing */,
				373AECBC272E22CB0021A393 /* Difference */,
				3766E40F277A3CC700A9D064 /* DWUtils */,
				37126CF1278A0030009BB010 /* OrderedCollections */,
			);
			productName = "words (macOS)";
			productReference = 37A4D1B5262227E400A9E9EC /* iWords.app */;
			productType = "com.apple.product-type.application";
		};
		37CC4357263476D200E60CE9 /* iWordsTests */ = {
			isa = PBXNativeTarget;
			buildConfigurationList = 37CC435F263476D200E60CE9 /* Build configuration list for PBXNativeTarget "iWordsTests" */;
			buildPhases = (
				37CC4354263476D200E60CE9 /* Sources */,
				37CC4355263476D200E60CE9 /* Frameworks */,
				37CC4356263476D200E60CE9 /* Resources */,
			);
			buildRules = (
			);
			dependencies = (
				37CC435E263476D200E60CE9 /* PBXTargetDependency */,
			);
			name = iWordsTests;
			productName = iWordsTests;
			productReference = 37CC4358263476D200E60CE9 /* iWordsTests.xctest */;
			productType = "com.apple.product-type.bundle.unit-test";
		};
/* End PBXNativeTarget section */

/* Begin PBXProject section */
		37A4D1A1262227E300A9E9EC /* Project object */ = {
			isa = PBXProject;
			attributes = {
				LastSwiftUpdateCheck = 1250;
				LastUpgradeCheck = 1250;
				TargetAttributes = {
					37A4D1AC262227E400A9E9EC = {
						CreatedOnToolsVersion = 12.5;
						LastSwiftMigration = 1250;
					};
					37A4D1B4262227E400A9E9EC = {
						CreatedOnToolsVersion = 12.5;
					};
					37CC4357263476D200E60CE9 = {
						CreatedOnToolsVersion = 12.5;
						TestTargetID = 37A4D1B4262227E400A9E9EC;
					};
				};
			};
			buildConfigurationList = 37A4D1A4262227E300A9E9EC /* Build configuration list for PBXProject "iWords" */;
			compatibilityVersion = "Xcode 9.3";
			developmentRegion = en;
			hasScannedForEncodings = 0;
			knownRegions = (
				en,
				Base,
			);
			mainGroup = 37A4D1A0262227E300A9E9EC;
			packageReferences = (
				37CC43642634AB8100E60CE9 /* XCRemoteSwiftPackageReference "swift-parsing" */,
				373AECBB272E22CA0021A393 /* XCRemoteSwiftPackageReference "Difference" */,
				37126CF0278A0030009BB010 /* XCRemoteSwiftPackageReference "swift-collections" */,
			);
			productRefGroup = 37A4D1AE262227E400A9E9EC /* Products */;
			projectDirPath = "";
			projectRoot = "";
			targets = (
				37A4D1B4262227E400A9E9EC /* iWords (macOS) */,
				37A4D1AC262227E400A9E9EC /* iWords (iOS) */,
				37CC4357263476D200E60CE9 /* iWordsTests */,
			);
		};
/* End PBXProject section */

/* Begin PBXResourcesBuildPhase section */
		37A4D1AB262227E400A9E9EC /* Resources */ = {
			isa = PBXResourcesBuildPhase;
			buildActionMask = 2147483647;
			files = (
			);
			runOnlyForDeploymentPostprocessing = 0;
		};
		37A4D1B3262227E400A9E9EC /* Resources */ = {
			isa = PBXResourcesBuildPhase;
			buildActionMask = 2147483647;
			files = (
				37AB5A172626713500118674 /* INFLECTS.LAT in Resources */,
				37AB5A192626713500118674 /* INDXFILE.GEN in Resources */,
				373AECC3272EB26F0021A393 /* PreviewAssets.xcassets in Resources */,
				37A4D24726223BFB00A9E9EC /* Main.storyboard in Resources */,
				37AB5A242626733300118674 /* Credits.rtf in Resources */,
				37AB5A1C2626713500118674 /* INFLECTS.SEC in Resources */,
				378E51FA2795C9FF00730204 /* Settings.storyboard in Resources */,
				37AB5A1B2626713500118674 /* DICTLINE.GEN in Resources */,
				37BF1C0C262B8366003C4A97 /* iWords.help in Resources */,
				37AB5A182626713500118674 /* UNIQUES.LAT in Resources */,
				37AB5A142626713500118674 /* ADDONS.LAT in Resources */,
				37AB5A202626713500118674 /* STEMLIST.GEN in Resources */,
				37AB5A1D2626713500118674 /* EWDSFILE.GEN in Resources */,
				37AB5A22262671D200118674 /* words in Resources */,
				37BF1C01262B7908003C4A97 /* WORD.MDV in Resources */,
				37AA04D8263435C100353747 /* README.md in Resources */,
				37AB5A152626713500118674 /* STEMFILE.GEN in Resources */,
				37AB5A1F2626713500118674 /* DICTFILE.GEN in Resources */,
				37AB5A1E2626713500118674 /* CHECKEWD. in Resources */,
				37A4D1D4262227E400A9E9EC /* Assets.xcassets in Resources */,
				37AB5A1A2626713500118674 /* EWDSLIST.GEN in Resources */,
			);
			runOnlyForDeploymentPostprocessing = 0;
		};
		37CC4356263476D200E60CE9 /* Resources */ = {
			isa = PBXResourcesBuildPhase;
			buildActionMask = 2147483647;
			files = (
				373AECC8272EF26D0021A393 /* PreviewAssets.xcassets in Resources */,
			);
			runOnlyForDeploymentPostprocessing = 0;
		};
/* End PBXResourcesBuildPhase section */

/* Begin PBXShellScriptBuildPhase section */
		37C9FDFA2628DDB900AE794D /* ShellScript */ = {
			isa = PBXShellScriptBuildPhase;
			buildActionMask = 2147483647;
			files = (
			);
			inputFileListPaths = (
			);
			inputPaths = (
			);
			outputFileListPaths = (
			);
			outputPaths = (
			);
			runOnlyForDeploymentPostprocessing = 0;
			shellPath = "/bin/sh -x";
			shellScript = "codesign --force --options=runtime \\\n --sign \"${EXPANDED_CODE_SIGN_IDENTITY_NAME}\" \\\n --entitlements \"${SRCROOT}/macOS/WORDS/WordsEntitlements.plist\" \\\n \"${BUILT_PRODUCTS_DIR}/${WRAPPER_NAME}/Contents/macOS/words\"\n";
		};
		37C9FDFC2628DFDB00AE794D /* ShellScript */ = {
			isa = PBXShellScriptBuildPhase;
			alwaysOutOfDate = 1;
			buildActionMask = 2147483647;
			files = (
			);
			inputFileListPaths = (
			);
			inputPaths = (
			);
			outputFileListPaths = (
			);
			outputPaths = (
			);
			runOnlyForDeploymentPostprocessing = 0;
			shellPath = /bin/sh;
			shellScript = "mkdir \"${BUILT_PRODUCTS_DIR}/${WRAPPER_NAME}/Contents/MacOS\" \nmv \"${BUILT_PRODUCTS_DIR}/${WRAPPER_NAME}/Contents/Resources/words\" \\\n \"${BUILT_PRODUCTS_DIR}/${WRAPPER_NAME}/Contents/MacOS/words\"\n";
		};
/* End PBXShellScriptBuildPhase section */

/* Begin PBXSourcesBuildPhase section */
		37A4D1A9262227E400A9E9EC /* Sources */ = {
			isa = PBXSourcesBuildPhase;
			buildActionMask = 2147483647;
			files = (
			);
			runOnlyForDeploymentPostprocessing = 0;
		};
		37A4D1B1262227E400A9E9EC /* Sources */ = {
			isa = PBXSourcesBuildPhase;
			buildActionMask = 2147483647;
			files = (
				37679DFE262C860B003D15E1 /* BackForwardController.swift in Sources */,
				37CC436A2634D81900E60CE9 /* DefinitionView.swift in Sources */,
				378E51FC2795D57600730204 /* SettingsViewController.swift in Sources */,
				37CC436C2635CA3B00E60CE9 /* VisualEffectBackground.swift in Sources */,
				37AA04DA2634485200353747 /* DefinitionParser.swift in Sources */,
				372E2E0D27821A1D005C9C8A /* PartOfSpeech.swift in Sources */,
				37679DFC262C779E003D15E1 /* HistoryController.swift in Sources */,
				37A4D2532622401D00A9E9EC /* AppDelegate.swift in Sources */,
				37126CE2278244B2009BB010 /* PerseusService.swift in Sources */,
				3710529227247B790077CE3D /* ServiceProvider.swift in Sources */,
				37852ACE278A4B0200ACFFE6 /* FontSizeSegmentedControl.swift in Sources */,
				37B089FB272F237400932567 /* Intents.intentdefinition in Sources */,
				37A4D2592622412000A9E9EC /* LookupWindowController.swift in Sources */,
				37679E00262CC87C003D15E1 /* WindowRestoration.swift in Sources */,
				37BE70C2279341D600A041D2 /* SearchBarViewController.swift in Sources */,
				37EDB2EA27945A4400911BC6 /* AutosizingTextField.swift in Sources */,
				37A4D24D26223D7A00A9E9EC /* LookupViewController.swift in Sources */,
				37988D5527249A6D00FFBB97 /* LookUpIntentHandler.swift in Sources */,
				37852AD2278B45ED00ACFFE6 /* Dictionary.swift in Sources */,
				37126CF4278A035B009BB010 /* DictionaryController.swift in Sources */,
				37852AD0278B3EC500ACFFE6 /* LoadingView.swift in Sources */,
			);
			runOnlyForDeploymentPostprocessing = 0;
		};
		37CC4354263476D200E60CE9 /* Sources */ = {
			isa = PBXSourcesBuildPhase;
			buildActionMask = 2147483647;
			files = (
				37CC4363263476DD00E60CE9 /* DefinitionTests.swift in Sources */,
				373AECBF272E22D90021A393 /* Utils.swift in Sources */,
			);
			runOnlyForDeploymentPostprocessing = 0;
		};
/* End PBXSourcesBuildPhase section */

/* Begin PBXTargetDependency section */
		37CC435E263476D200E60CE9 /* PBXTargetDependency */ = {
			isa = PBXTargetDependency;
			target = 37A4D1B4262227E400A9E9EC /* iWords (macOS) */;
			targetProxy = 37CC435D263476D200E60CE9 /* PBXContainerItemProxy */;
		};
/* End PBXTargetDependency section */

/* Begin PBXVariantGroup section */
		37B089FD272F237400932567 /* Intents.intentdefinition */ = {
			isa = PBXVariantGroup;
			children = (
				37B089FC272F237400932567 /* Base */,
			);
			name = Intents.intentdefinition;
			sourceTree = "<group>";
		};
/* End PBXVariantGroup section */

/* Begin XCBuildConfiguration section */
		37A4D1D5262227E400A9E9EC /* Debug */ = {
			isa = XCBuildConfiguration;
			buildSettings = {
				ALWAYS_SEARCH_USER_PATHS = NO;
				CLANG_ANALYZER_NONNULL = YES;
				CLANG_ANALYZER_NUMBER_OBJECT_CONVERSION = YES_AGGRESSIVE;
				CLANG_CXX_LANGUAGE_STANDARD = "gnu++14";
				CLANG_CXX_LIBRARY = "libc++";
				CLANG_ENABLE_MODULES = YES;
				CLANG_ENABLE_OBJC_ARC = YES;
				CLANG_ENABLE_OBJC_WEAK = YES;
				CLANG_WARN_BLOCK_CAPTURE_AUTORELEASING = YES;
				CLANG_WARN_BOOL_CONVERSION = YES;
				CLANG_WARN_COMMA = YES;
				CLANG_WARN_CONSTANT_CONVERSION = YES;
				CLANG_WARN_DEPRECATED_OBJC_IMPLEMENTATIONS = YES;
				CLANG_WARN_DIRECT_OBJC_ISA_USAGE = YES_ERROR;
				CLANG_WARN_DOCUMENTATION_COMMENTS = YES;
				CLANG_WARN_EMPTY_BODY = YES;
				CLANG_WARN_ENUM_CONVERSION = YES;
				CLANG_WARN_INFINITE_RECURSION = YES;
				CLANG_WARN_INT_CONVERSION = YES;
				CLANG_WARN_NON_LITERAL_NULL_CONVERSION = YES;
				CLANG_WARN_OBJC_IMPLICIT_RETAIN_SELF = YES;
				CLANG_WARN_OBJC_LITERAL_CONVERSION = YES;
				CLANG_WARN_OBJC_ROOT_CLASS = YES_ERROR;
				CLANG_WARN_QUOTED_INCLUDE_IN_FRAMEWORK_HEADER = YES;
				CLANG_WARN_RANGE_LOOP_ANALYSIS = YES;
				CLANG_WARN_STRICT_PROTOTYPES = YES;
				CLANG_WARN_SUSPICIOUS_MOVE = YES;
				CLANG_WARN_UNGUARDED_AVAILABILITY = YES_AGGRESSIVE;
				CLANG_WARN_UNREACHABLE_CODE = YES;
				CLANG_WARN__DUPLICATE_METHOD_MATCH = YES;
				COPY_PHASE_STRIP = NO;
				CURRENT_PROJECT_VERSION = 0.4.4;
				DEBUG_INFORMATION_FORMAT = dwarf;
				ENABLE_STRICT_OBJC_MSGSEND = YES;
				ENABLE_TESTABILITY = YES;
				GCC_C_LANGUAGE_STANDARD = gnu11;
				GCC_DYNAMIC_NO_PIC = NO;
				GCC_NO_COMMON_BLOCKS = YES;
				GCC_OPTIMIZATION_LEVEL = 0;
				GCC_PREPROCESSOR_DEFINITIONS = (
					"DEBUG=1",
					"$(inherited)",
				);
				GCC_WARN_64_TO_32_BIT_CONVERSION = YES;
				GCC_WARN_ABOUT_RETURN_TYPE = YES_ERROR;
				GCC_WARN_UNDECLARED_SELECTOR = YES;
				GCC_WARN_UNINITIALIZED_AUTOS = YES_AGGRESSIVE;
				GCC_WARN_UNUSED_FUNCTION = YES;
				GCC_WARN_UNUSED_VARIABLE = YES;
				MTL_ENABLE_DEBUG_INFO = INCLUDE_SOURCE;
				MTL_FAST_MATH = YES;
				ONLY_ACTIVE_ARCH = YES;
				PRODUCT_NAME = iWords;
				SWIFT_ACTIVE_COMPILATION_CONDITIONS = DEBUG;
				SWIFT_OPTIMIZATION_LEVEL = "-Onone";
			};
			name = Debug;
		};
		37A4D1D6262227E400A9E9EC /* Release */ = {
			isa = XCBuildConfiguration;
			buildSettings = {
				ALWAYS_SEARCH_USER_PATHS = NO;
				CLANG_ANALYZER_NONNULL = YES;
				CLANG_ANALYZER_NUMBER_OBJECT_CONVERSION = YES_AGGRESSIVE;
				CLANG_CXX_LANGUAGE_STANDARD = "gnu++14";
				CLANG_CXX_LIBRARY = "libc++";
				CLANG_ENABLE_MODULES = YES;
				CLANG_ENABLE_OBJC_ARC = YES;
				CLANG_ENABLE_OBJC_WEAK = YES;
				CLANG_WARN_BLOCK_CAPTURE_AUTORELEASING = YES;
				CLANG_WARN_BOOL_CONVERSION = YES;
				CLANG_WARN_COMMA = YES;
				CLANG_WARN_CONSTANT_CONVERSION = YES;
				CLANG_WARN_DEPRECATED_OBJC_IMPLEMENTATIONS = YES;
				CLANG_WARN_DIRECT_OBJC_ISA_USAGE = YES_ERROR;
				CLANG_WARN_DOCUMENTATION_COMMENTS = YES;
				CLANG_WARN_EMPTY_BODY = YES;
				CLANG_WARN_ENUM_CONVERSION = YES;
				CLANG_WARN_INFINITE_RECURSION = YES;
				CLANG_WARN_INT_CONVERSION = YES;
				CLANG_WARN_NON_LITERAL_NULL_CONVERSION = YES;
				CLANG_WARN_OBJC_IMPLICIT_RETAIN_SELF = YES;
				CLANG_WARN_OBJC_LITERAL_CONVERSION = YES;
				CLANG_WARN_OBJC_ROOT_CLASS = YES_ERROR;
				CLANG_WARN_QUOTED_INCLUDE_IN_FRAMEWORK_HEADER = YES;
				CLANG_WARN_RANGE_LOOP_ANALYSIS = YES;
				CLANG_WARN_STRICT_PROTOTYPES = YES;
				CLANG_WARN_SUSPICIOUS_MOVE = YES;
				CLANG_WARN_UNGUARDED_AVAILABILITY = YES_AGGRESSIVE;
				CLANG_WARN_UNREACHABLE_CODE = YES;
				CLANG_WARN__DUPLICATE_METHOD_MATCH = YES;
				COPY_PHASE_STRIP = NO;
				CURRENT_PROJECT_VERSION = 0.4.4;
				DEBUG_INFORMATION_FORMAT = "dwarf-with-dsym";
				ENABLE_NS_ASSERTIONS = NO;
				ENABLE_STRICT_OBJC_MSGSEND = YES;
				EXCLUDED_ARCHS = arm64;
				GCC_C_LANGUAGE_STANDARD = gnu11;
				GCC_NO_COMMON_BLOCKS = YES;
				GCC_WARN_64_TO_32_BIT_CONVERSION = YES;
				GCC_WARN_ABOUT_RETURN_TYPE = YES_ERROR;
				GCC_WARN_UNDECLARED_SELECTOR = YES;
				GCC_WARN_UNINITIALIZED_AUTOS = YES_AGGRESSIVE;
				GCC_WARN_UNUSED_FUNCTION = YES;
				GCC_WARN_UNUSED_VARIABLE = YES;
				MTL_ENABLE_DEBUG_INFO = NO;
				MTL_FAST_MATH = YES;
				PRODUCT_NAME = iWords;
				SWIFT_COMPILATION_MODE = wholemodule;
				SWIFT_OPTIMIZATION_LEVEL = "-O";
			};
			name = Release;
		};
		37A4D1D8262227E400A9E9EC /* Debug */ = {
			isa = XCBuildConfiguration;
			buildSettings = {
				ASSETCATALOG_COMPILER_APPICON_NAME = AppIcon;
				ASSETCATALOG_COMPILER_GLOBAL_ACCENT_COLOR_NAME = AccentColor;
				CLANG_ENABLE_MODULES = YES;
				CODE_SIGN_STYLE = Automatic;
				DEVELOPMENT_TEAM = 5TSNJUMDQY;
				ENABLE_PREVIEWS = YES;
				INFOPLIST_FILE = iOS/Info.plist;
				IPHONEOS_DEPLOYMENT_TARGET = 14.0;
				LD_RUNPATH_SEARCH_PATHS = (
					"$(inherited)",
					"@executable_path/Frameworks",
				);
				MARKETING_VERSION = 0.1;
				PRODUCT_BUNDLE_IDENTIFIER = org.danielweiner.words;
				PRODUCT_NAME = "$(inherited)";
				SDKROOT = iphoneos;
				SWIFT_OBJC_BRIDGING_HEADER = "macOS/words (iOS)-Bridging-Header.h";
				SWIFT_OPTIMIZATION_LEVEL = "-Onone";
				SWIFT_VERSION = 5.0;
				TARGETED_DEVICE_FAMILY = "1,2";
			};
			name = Debug;
		};
		37A4D1D9262227E400A9E9EC /* Release */ = {
			isa = XCBuildConfiguration;
			buildSettings = {
				ASSETCATALOG_COMPILER_APPICON_NAME = AppIcon;
				ASSETCATALOG_COMPILER_GLOBAL_ACCENT_COLOR_NAME = AccentColor;
				CLANG_ENABLE_MODULES = YES;
				CODE_SIGN_STYLE = Automatic;
				DEVELOPMENT_TEAM = 5TSNJUMDQY;
				ENABLE_PREVIEWS = YES;
				INFOPLIST_FILE = iOS/Info.plist;
				IPHONEOS_DEPLOYMENT_TARGET = 14.0;
				LD_RUNPATH_SEARCH_PATHS = (
					"$(inherited)",
					"@executable_path/Frameworks",
				);
				MARKETING_VERSION = 0.1;
				PRODUCT_BUNDLE_IDENTIFIER = org.danielweiner.words;
				PRODUCT_NAME = "$(inherited)";
				SDKROOT = iphoneos;
				SWIFT_OBJC_BRIDGING_HEADER = "macOS/words (iOS)-Bridging-Header.h";
				SWIFT_VERSION = 5.0;
				TARGETED_DEVICE_FAMILY = "1,2";
				VALIDATE_PRODUCT = YES;
			};
			name = Release;
		};
		37A4D1DB262227E400A9E9EC /* Debug */ = {
			isa = XCBuildConfiguration;
			buildSettings = {
				ASSETCATALOG_COMPILER_APPICON_NAME = AppIcon;
				ASSETCATALOG_COMPILER_GLOBAL_ACCENT_COLOR_NAME = AccentColor;
				CODE_SIGN_ENTITLEMENTS = "macOS/Supporting files/words (macOS)Debug.entitlements";
				CODE_SIGN_STYLE = Automatic;
				COMBINE_HIDPI_IMAGES = YES;
				CURRENT_PROJECT_VERSION = 0.6.0;
				DEVELOPMENT_ASSET_PATHS = "macOS/Supporting\\ files/PreviewAssets.xcassets";
				DEVELOPMENT_TEAM = 5TSNJUMDQY;
				ENABLE_HARDENED_RUNTIME = YES;
				ENABLE_PREVIEWS = YES;
				FRAMEWORK_SEARCH_PATHS = (
					"$(inherited)",
					"$(PROJECT_DIR)",
				);
				INFOPLIST_FILE = "macOS/Supporting files/Info.plist";
				LD_RUNPATH_SEARCH_PATHS = (
					"$(inherited)",
					"@executable_path/../Frameworks",
				);
				MACOSX_DEPLOYMENT_TARGET = 10.14;
				MARKETING_VERSION = 0.6.0;
				OTHER_CODE_SIGN_FLAGS = "";
				PRODUCT_BUNDLE_IDENTIFIER = org.danielweiner.iwords;
				PRODUCT_NAME = "$(inherited)";
				SDKROOT = macosx;
				SWIFT_VERSION = 5.0;
			};
			name = Debug;
		};
		37A4D1DC262227E400A9E9EC /* Release */ = {
			isa = XCBuildConfiguration;
			buildSettings = {
				ASSETCATALOG_COMPILER_APPICON_NAME = AppIcon;
				ASSETCATALOG_COMPILER_GLOBAL_ACCENT_COLOR_NAME = AccentColor;
				CODE_SIGN_ENTITLEMENTS = "macOS/Supporting files/macOS.entitlements";
				CODE_SIGN_STYLE = Automatic;
				COMBINE_HIDPI_IMAGES = YES;
				CURRENT_PROJECT_VERSION = 0.6.0;
				DEVELOPMENT_ASSET_PATHS = "macOS/Supporting\\ files/PreviewAssets.xcassets";
				DEVELOPMENT_TEAM = 5TSNJUMDQY;
				ENABLE_HARDENED_RUNTIME = YES;
				ENABLE_PREVIEWS = YES;
				FRAMEWORK_SEARCH_PATHS = (
					"$(inherited)",
					"$(PROJECT_DIR)",
				);
				INFOPLIST_FILE = "macOS/Supporting files/Info.plist";
				LD_RUNPATH_SEARCH_PATHS = (
					"$(inherited)",
					"@executable_path/../Frameworks",
				);
				MACOSX_DEPLOYMENT_TARGET = 10.14;
				MARKETING_VERSION = 0.6.0;
				OTHER_CODE_SIGN_FLAGS = "";
				PRODUCT_BUNDLE_IDENTIFIER = org.danielweiner.iwords;
				PRODUCT_NAME = "$(inherited)";
				SDKROOT = macosx;
				SWIFT_VERSION = 5.0;
			};
			name = Release;
		};
		37CC4360263476D200E60CE9 /* Debug */ = {
			isa = XCBuildConfiguration;
			buildSettings = {
				BUNDLE_LOADER = "$(TEST_HOST)";
				CODE_SIGN_STYLE = Automatic;
				COMBINE_HIDPI_IMAGES = YES;
				DEVELOPMENT_TEAM = 5TSNJUMDQY;
				INFOPLIST_FILE = iWordsTests/Info.plist;
				LD_RUNPATH_SEARCH_PATHS = (
					"$(inherited)",
					"@executable_path/../Frameworks",
					"@loader_path/../Frameworks",
				);
				MACOSX_DEPLOYMENT_TARGET = 11.2;
				PRODUCT_BUNDLE_IDENTIFIER = org.danielweiner.iWordsTests;
				PRODUCT_NAME = "$(TARGET_NAME)";
				SDKROOT = macosx;
				SWIFT_VERSION = 5.0;
				TEST_HOST = "$(BUILT_PRODUCTS_DIR)/iWords.app/Contents/MacOS/iWords";
			};
			name = Debug;
		};
		37CC4361263476D200E60CE9 /* Release */ = {
			isa = XCBuildConfiguration;
			buildSettings = {
				BUNDLE_LOADER = "$(TEST_HOST)";
				CODE_SIGN_STYLE = Automatic;
				COMBINE_HIDPI_IMAGES = YES;
				DEVELOPMENT_TEAM = 5TSNJUMDQY;
				INFOPLIST_FILE = iWordsTests/Info.plist;
				LD_RUNPATH_SEARCH_PATHS = (
					"$(inherited)",
					"@executable_path/../Frameworks",
					"@loader_path/../Frameworks",
				);
				MACOSX_DEPLOYMENT_TARGET = 11.2;
				PRODUCT_BUNDLE_IDENTIFIER = org.danielweiner.iWordsTests;
				PRODUCT_NAME = "$(TARGET_NAME)";
				SDKROOT = macosx;
				SWIFT_VERSION = 5.0;
				TEST_HOST = "$(BUILT_PRODUCTS_DIR)/iWords.app/Contents/MacOS/iWords";
			};
			name = Release;
		};
/* End XCBuildConfiguration section */

/* Begin XCConfigurationList section */
		37A4D1A4262227E300A9E9EC /* Build configuration list for PBXProject "iWords" */ = {
			isa = XCConfigurationList;
			buildConfigurations = (
				37A4D1D5262227E400A9E9EC /* Debug */,
				37A4D1D6262227E400A9E9EC /* Release */,
			);
			defaultConfigurationIsVisible = 0;
			defaultConfigurationName = Release;
		};
		37A4D1D7262227E400A9E9EC /* Build configuration list for PBXNativeTarget "iWords (iOS)" */ = {
			isa = XCConfigurationList;
			buildConfigurations = (
				37A4D1D8262227E400A9E9EC /* Debug */,
				37A4D1D9262227E400A9E9EC /* Release */,
			);
			defaultConfigurationIsVisible = 0;
			defaultConfigurationName = Release;
		};
		37A4D1DA262227E400A9E9EC /* Build configuration list for PBXNativeTarget "iWords (macOS)" */ = {
			isa = XCConfigurationList;
			buildConfigurations = (
				37A4D1DB262227E400A9E9EC /* Debug */,
				37A4D1DC262227E400A9E9EC /* Release */,
			);
			defaultConfigurationIsVisible = 0;
			defaultConfigurationName = Release;
		};
		37CC435F263476D200E60CE9 /* Build configuration list for PBXNativeTarget "iWordsTests" */ = {
			isa = XCConfigurationList;
			buildConfigurations = (
				37CC4360263476D200E60CE9 /* Debug */,
				37CC4361263476D200E60CE9 /* Release */,
			);
			defaultConfigurationIsVisible = 0;
			defaultConfigurationName = Release;
		};
/* End XCConfigurationList section */

/* Begin XCRemoteSwiftPackageReference section */
		37126CF0278A0030009BB010 /* XCRemoteSwiftPackageReference "swift-collections" */ = {
			isa = XCRemoteSwiftPackageReference;
			repositoryURL = "https://github.com/apple/swift-collections.git";
			requirement = {
				kind = upToNextMajorVersion;
				minimumVersion = 0.0.3;
			};
		};
		373AECBB272E22CA0021A393 /* XCRemoteSwiftPackageReference "Difference" */ = {
			isa = XCRemoteSwiftPackageReference;
			repositoryURL = "https://github.com/krzysztofzablocki/Difference.git";
			requirement = {
				kind = upToNextMajorVersion;
				minimumVersion = 1.0.0;
			};
		};
		37CC43642634AB8100E60CE9 /* XCRemoteSwiftPackageReference "swift-parsing" */ = {
			isa = XCRemoteSwiftPackageReference;
			repositoryURL = "https://github.com/pointfreeco/swift-parsing";
			requirement = {
				kind = upToNextMajorVersion;
				minimumVersion = 0.1.2;
			};
		};
/* End XCRemoteSwiftPackageReference section */

/* Begin XCSwiftPackageProductDependency section */
		37126CF1278A0030009BB010 /* OrderedCollections */ = {
			isa = XCSwiftPackageProductDependency;
			package = 37126CF0278A0030009BB010 /* XCRemoteSwiftPackageReference "swift-collections" */;
			productName = OrderedCollections;
		};
		373AECBC272E22CB0021A393 /* Difference */ = {
			isa = XCSwiftPackageProductDependency;
			package = 373AECBB272E22CA0021A393 /* XCRemoteSwiftPackageReference "Difference" */;
			productName = Difference;
		};
		3766E40F277A3CC700A9D064 /* DWUtils */ = {
			isa = XCSwiftPackageProductDependency;
			productName = DWUtils;
		};
		37CC43652634AB8100E60CE9 /* Parsing */ = {
			isa = XCSwiftPackageProductDependency;
			package = 37CC43642634AB8100E60CE9 /* XCRemoteSwiftPackageReference "swift-parsing" */;
			productName = Parsing;
		};
/* End XCSwiftPackageProductDependency section */
	};
	rootObject = 37A4D1A1262227E300A9E9EC /* Project object */;
}
